// !$*UTF8*$!
{
	archiveVersion = 1;
	classes = {
	};
	objectVersion = 50;
	objects = {

/* Begin PBXBuildFile section */
		43322B51231C1FBF00D0CCB2 /* AppDelegate.swift in Sources */ = {isa = PBXBuildFile; fileRef = 43322B50231C1FBF00D0CCB2 /* AppDelegate.swift */; };
		43322B53231C1FBF00D0CCB2 /* ViewController.swift in Sources */ = {isa = PBXBuildFile; fileRef = 43322B52231C1FBF00D0CCB2 /* ViewController.swift */; };
		43322B56231C1FBF00D0CCB2 /* Camera.storyboard in Resources */ = {isa = PBXBuildFile; fileRef = 43322B54231C1FBF00D0CCB2 /* Camera.storyboard */; };
		43322B58231C1FC000D0CCB2 /* Assets.xcassets in Resources */ = {isa = PBXBuildFile; fileRef = 43322B57231C1FC000D0CCB2 /* Assets.xcassets */; };
		43322B5B231C1FC000D0CCB2 /* LaunchScreen.storyboard in Resources */ = {isa = PBXBuildFile; fileRef = 43322B59231C1FC000D0CCB2 /* LaunchScreen.storyboard */; };
		43322B63231C1FD400D0CCB2 /* Model.swift in Sources */ = {isa = PBXBuildFile; fileRef = 43322B62231C1FD400D0CCB2 /* Model.swift */; };
		43322B6E231C2EA200D0CCB2 /* SectionEdit.storyboard in Resources */ = {isa = PBXBuildFile; fileRef = 43322B6D231C2EA200D0CCB2 /* SectionEdit.storyboard */; };
		43322B70231C2EF200D0CCB2 /* SectionCamera.storyboard in Resources */ = {isa = PBXBuildFile; fileRef = 43322B6F231C2EF200D0CCB2 /* SectionCamera.storyboard */; };
		4351A9FB231CD6A300E2294F /* SectionButton.swift in Sources */ = {isa = PBXBuildFile; fileRef = 4351A9FA231CD6A300E2294F /* SectionButton.swift */; };
		4351AA00231CE39E00E2294F /* Measure.swift in Sources */ = {isa = PBXBuildFile; fileRef = 4351A9FC231CE39D00E2294F /* Measure.swift */; };
		4351AA01231CE39E00E2294F /* VideoCapture.swift in Sources */ = {isa = PBXBuildFile; fileRef = 4351A9FD231CE39E00E2294F /* VideoCapture.swift */; };
		4351AA02231CE39E00E2294F /* UIImage+CVPixelBuffer.swift in Sources */ = {isa = PBXBuildFile; fileRef = 4351A9FE231CE39E00E2294F /* UIImage+CVPixelBuffer.swift */; };
		4351AA03231CE39E00E2294F /* DrawingBoundingBoxView.swift in Sources */ = {isa = PBXBuildFile; fileRef = 4351A9FF231CE39E00E2294F /* DrawingBoundingBoxView.swift */; };
		4351AA05231CE5BD00E2294F /* SectionCamera.swift in Sources */ = {isa = PBXBuildFile; fileRef = 4351AA04231CE5BD00E2294F /* SectionCamera.swift */; };
		86802C8C231E4954003BA379 /* LeatherDefectsCategorizedObjectDetection.mlmodel in Sources */ = {isa = PBXBuildFile; fileRef = 86802C8B231E4954003BA379 /* LeatherDefectsCategorizedObjectDetection.mlmodel */; };
		86802C90231E4AA5003BA379 /* YOLOv3Tiny.mlmodel in Sources */ = {isa = PBXBuildFile; fileRef = 86802C8F231E4AA5003BA379 /* YOLOv3Tiny.mlmodel */; };
		B19554A7231CDE1900252996 /* OnboardingController.swift in Sources */ = {isa = PBXBuildFile; fileRef = B19554A2231CDE1900252996 /* OnboardingController.swift */; };
		B19554A8231CDE1900252996 /* OnBoarding.storyboard in Resources */ = {isa = PBXBuildFile; fileRef = B19554A3231CDE1900252996 /* OnBoarding.storyboard */; };
		B19554A9231CDE1900252996 /* GetStarted.swift in Sources */ = {isa = PBXBuildFile; fileRef = B19554A4231CDE1900252996 /* GetStarted.swift */; };
		B19554AA231CDE1900252996 /* Slide.swift in Sources */ = {isa = PBXBuildFile; fileRef = B19554A5231CDE1900252996 /* Slide.swift */; };
		B19554AB231CDE1900252996 /* Slide.xib in Resources */ = {isa = PBXBuildFile; fileRef = B19554A6231CDE1900252996 /* Slide.xib */; };
		B19554AE231CE4B600252996 /* SectionEditViewController.swift in Sources */ = {isa = PBXBuildFile; fileRef = B19554AD231CE4B600252996 /* SectionEditViewController.swift */; };
		B19554B6231CEEB400252996 /* CameraViewController.swift in Sources */ = {isa = PBXBuildFile; fileRef = B19554B5231CEEB400252996 /* CameraViewController.swift */; };
		B19554B8231CFAB400252996 /* PreviewViewController.swift in Sources */ = {isa = PBXBuildFile; fileRef = B19554B7231CFAB400252996 /* PreviewViewController.swift */; };
/* End PBXBuildFile section */

/* Begin PBXFileReference section */
		43322B4D231C1FBF00D0CCB2 /* MC3-LeatherApp.app */ = {isa = PBXFileReference; explicitFileType = wrapper.application; includeInIndex = 0; path = "MC3-LeatherApp.app"; sourceTree = BUILT_PRODUCTS_DIR; };
		43322B50231C1FBF00D0CCB2 /* AppDelegate.swift */ = {isa = PBXFileReference; lastKnownFileType = sourcecode.swift; path = AppDelegate.swift; sourceTree = "<group>"; };
		43322B52231C1FBF00D0CCB2 /* ViewController.swift */ = {isa = PBXFileReference; lastKnownFileType = sourcecode.swift; path = ViewController.swift; sourceTree = "<group>"; };
		43322B55231C1FBF00D0CCB2 /* Base */ = {isa = PBXFileReference; lastKnownFileType = file.storyboard; name = Base; path = Base.lproj/Camera.storyboard; sourceTree = "<group>"; };
		43322B57231C1FC000D0CCB2 /* Assets.xcassets */ = {isa = PBXFileReference; lastKnownFileType = folder.assetcatalog; path = Assets.xcassets; sourceTree = "<group>"; };
		43322B5A231C1FC000D0CCB2 /* Base */ = {isa = PBXFileReference; lastKnownFileType = file.storyboard; name = Base; path = Base.lproj/LaunchScreen.storyboard; sourceTree = "<group>"; };
		43322B5C231C1FC000D0CCB2 /* Info.plist */ = {isa = PBXFileReference; lastKnownFileType = text.plist.xml; path = Info.plist; sourceTree = "<group>"; };
		43322B62231C1FD400D0CCB2 /* Model.swift */ = {isa = PBXFileReference; lastKnownFileType = sourcecode.swift; path = Model.swift; sourceTree = "<group>"; };
		43322B6D231C2EA200D0CCB2 /* SectionEdit.storyboard */ = {isa = PBXFileReference; lastKnownFileType = file.storyboard; path = SectionEdit.storyboard; sourceTree = "<group>"; };
		43322B6F231C2EF200D0CCB2 /* SectionCamera.storyboard */ = {isa = PBXFileReference; lastKnownFileType = file.storyboard; path = SectionCamera.storyboard; sourceTree = "<group>"; };
		4351A9FA231CD6A300E2294F /* SectionButton.swift */ = {isa = PBXFileReference; lastKnownFileType = sourcecode.swift; path = SectionButton.swift; sourceTree = "<group>"; };
		4351A9FC231CE39D00E2294F /* Measure.swift */ = {isa = PBXFileReference; fileEncoding = 4; lastKnownFileType = sourcecode.swift; path = Measure.swift; sourceTree = "<group>"; };
		4351A9FD231CE39E00E2294F /* VideoCapture.swift */ = {isa = PBXFileReference; fileEncoding = 4; lastKnownFileType = sourcecode.swift; path = VideoCapture.swift; sourceTree = "<group>"; };
		4351A9FE231CE39E00E2294F /* UIImage+CVPixelBuffer.swift */ = {isa = PBXFileReference; fileEncoding = 4; lastKnownFileType = sourcecode.swift; path = "UIImage+CVPixelBuffer.swift"; sourceTree = "<group>"; };
		4351A9FF231CE39E00E2294F /* DrawingBoundingBoxView.swift */ = {isa = PBXFileReference; fileEncoding = 4; lastKnownFileType = sourcecode.swift; path = DrawingBoundingBoxView.swift; sourceTree = "<group>"; };
		4351AA04231CE5BD00E2294F /* SectionCamera.swift */ = {isa = PBXFileReference; lastKnownFileType = sourcecode.swift; path = SectionCamera.swift; sourceTree = "<group>"; };
		86802C8B231E4954003BA379 /* LeatherDefectsCategorizedObjectDetection.mlmodel */ = {isa = PBXFileReference; lastKnownFileType = file.mlmodel; path = LeatherDefectsCategorizedObjectDetection.mlmodel; sourceTree = "<group>"; };
		86802C8F231E4AA5003BA379 /* YOLOv3Tiny.mlmodel */ = {isa = PBXFileReference; lastKnownFileType = file.mlmodel; path = YOLOv3Tiny.mlmodel; sourceTree = "<group>"; };
		B19554A2231CDE1900252996 /* OnboardingController.swift */ = {isa = PBXFileReference; fileEncoding = 4; lastKnownFileType = sourcecode.swift; name = OnboardingController.swift; path = "MC3-LeatherApp/Parts/Onboarding/OnboardingController.swift"; sourceTree = SOURCE_ROOT; };
		B19554A3231CDE1900252996 /* OnBoarding.storyboard */ = {isa = PBXFileReference; fileEncoding = 4; lastKnownFileType = file.storyboard; name = OnBoarding.storyboard; path = "MC3-LeatherApp/Parts/Onboarding/OnBoarding.storyboard"; sourceTree = SOURCE_ROOT; };
		B19554A4231CDE1900252996 /* GetStarted.swift */ = {isa = PBXFileReference; fileEncoding = 4; lastKnownFileType = sourcecode.swift; name = GetStarted.swift; path = "MC3-LeatherApp/Parts/Onboarding/GetStarted.swift"; sourceTree = SOURCE_ROOT; };
		B19554A5231CDE1900252996 /* Slide.swift */ = {isa = PBXFileReference; fileEncoding = 4; lastKnownFileType = sourcecode.swift; name = Slide.swift; path = "MC3-LeatherApp/Parts/Onboarding/Slide.swift"; sourceTree = SOURCE_ROOT; };
		B19554A6231CDE1900252996 /* Slide.xib */ = {isa = PBXFileReference; fileEncoding = 4; lastKnownFileType = file.xib; name = Slide.xib; path = "MC3-LeatherApp/Parts/Onboarding/Slide.xib"; sourceTree = SOURCE_ROOT; };
		B19554AD231CE4B600252996 /* SectionEditViewController.swift */ = {isa = PBXFileReference; lastKnownFileType = sourcecode.swift; path = SectionEditViewController.swift; sourceTree = "<group>"; };
		B19554B5231CEEB400252996 /* CameraViewController.swift */ = {isa = PBXFileReference; lastKnownFileType = sourcecode.swift; path = CameraViewController.swift; sourceTree = "<group>"; };
		B19554B7231CFAB400252996 /* PreviewViewController.swift */ = {isa = PBXFileReference; lastKnownFileType = sourcecode.swift; path = PreviewViewController.swift; sourceTree = "<group>"; };
/* End PBXFileReference section */

/* Begin PBXFrameworksBuildPhase section */
		43322B4A231C1FBF00D0CCB2 /* Frameworks */ = {
			isa = PBXFrameworksBuildPhase;
			buildActionMask = 2147483647;
			files = (
			);
			runOnlyForDeploymentPostprocessing = 0;
		};
/* End PBXFrameworksBuildPhase section */

/* Begin PBXGroup section */
		43322B44231C1FBF00D0CCB2 = {
			isa = PBXGroup;
			children = (
				43322B4F231C1FBF00D0CCB2 /* MC3-LeatherApp */,
				43322B4E231C1FBF00D0CCB2 /* Products */,
			);
			sourceTree = "<group>";
		};
		43322B4E231C1FBF00D0CCB2 /* Products */ = {
			isa = PBXGroup;
			children = (
				43322B4D231C1FBF00D0CCB2 /* MC3-LeatherApp.app */,
			);
			name = Products;
			sourceTree = "<group>";
		};
		43322B4F231C1FBF00D0CCB2 /* MC3-LeatherApp */ = {
			isa = PBXGroup;
			children = (
				43322B67231C2D7C00D0CCB2 /* Parts */,
				43322B50231C1FBF00D0CCB2 /* AppDelegate.swift */,
				43322B62231C1FD400D0CCB2 /* Model.swift */,
				43322B52231C1FBF00D0CCB2 /* ViewController.swift */,
				4351A9FF231CE39E00E2294F /* DrawingBoundingBoxView.swift */,
				4351A9FC231CE39D00E2294F /* Measure.swift */,
				4351A9FE231CE39E00E2294F /* UIImage+CVPixelBuffer.swift */,
				86802C8F231E4AA5003BA379 /* YOLOv3Tiny.mlmodel */,
				86802C8B231E4954003BA379 /* LeatherDefectsCategorizedObjectDetection.mlmodel */,
				4351A9FD231CE39E00E2294F /* VideoCapture.swift */,
				43322B57231C1FC000D0CCB2 /* Assets.xcassets */,
				43322B59231C1FC000D0CCB2 /* LaunchScreen.storyboard */,
				43322B5C231C1FC000D0CCB2 /* Info.plist */,
			);
			path = "MC3-LeatherApp";
			sourceTree = "<group>";
		};
		43322B67231C2D7C00D0CCB2 /* Parts */ = {
			isa = PBXGroup;
			children = (
				B19554AC231CDE5B00252996 /* OnBoarding */,
				43322B6A231C2E3F00D0CCB2 /* SectionCamera */,
				43322B69231C2DFB00D0CCB2 /* SectionEdit */,
				43322B68231C2DBF00D0CCB2 /* Camera */,
			);
			path = Parts;
			sourceTree = "<group>";
		};
		43322B68231C2DBF00D0CCB2 /* Camera */ = {
			isa = PBXGroup;
			children = (
				43322B54231C1FBF00D0CCB2 /* Camera.storyboard */,
				B19554B5231CEEB400252996 /* CameraViewController.swift */,
				B19554B7231CFAB400252996 /* PreviewViewController.swift */,
			);
			path = Camera;
			sourceTree = "<group>";
		};
		43322B69231C2DFB00D0CCB2 /* SectionEdit */ = {
			isa = PBXGroup;
			children = (
				43322B6D231C2EA200D0CCB2 /* SectionEdit.storyboard */,
				4351A9FA231CD6A300E2294F /* SectionButton.swift */,
				B19554AD231CE4B600252996 /* SectionEditViewController.swift */,
			);
			path = SectionEdit;
			sourceTree = "<group>";
		};
		43322B6A231C2E3F00D0CCB2 /* SectionCamera */ = {
			isa = PBXGroup;
			children = (
				43322B6F231C2EF200D0CCB2 /* SectionCamera.storyboard */,
				4351AA04231CE5BD00E2294F /* SectionCamera.swift */,
			);
			path = SectionCamera;
			sourceTree = "<group>";
		};
		B19554AC231CDE5B00252996 /* OnBoarding */ = {
			isa = PBXGroup;
			children = (
				B19554A4231CDE1900252996 /* GetStarted.swift */,
				B19554A3231CDE1900252996 /* OnBoarding.storyboard */,
				B19554A2231CDE1900252996 /* OnboardingController.swift */,
				B19554A5231CDE1900252996 /* Slide.swift */,
				B19554A6231CDE1900252996 /* Slide.xib */,
			);
			path = OnBoarding;
			sourceTree = "<group>";
		};
/* End PBXGroup section */

/* Begin PBXNativeTarget section */
		43322B4C231C1FBF00D0CCB2 /* MC3-LeatherApp */ = {
			isa = PBXNativeTarget;
			buildConfigurationList = 43322B5F231C1FC000D0CCB2 /* Build configuration list for PBXNativeTarget "MC3-LeatherApp" */;
			buildPhases = (
				43322B49231C1FBF00D0CCB2 /* Sources */,
				43322B4A231C1FBF00D0CCB2 /* Frameworks */,
				43322B4B231C1FBF00D0CCB2 /* Resources */,
			);
			buildRules = (
			);
			dependencies = (
			);
			name = "MC3-LeatherApp";
			productName = "MC3-LeatherApp";
			productReference = 43322B4D231C1FBF00D0CCB2 /* MC3-LeatherApp.app */;
			productType = "com.apple.product-type.application";
		};
/* End PBXNativeTarget section */

/* Begin PBXProject section */
		43322B45231C1FBF00D0CCB2 /* Project object */ = {
			isa = PBXProject;
			attributes = {
				LastSwiftUpdateCheck = 1020;
				LastUpgradeCheck = 1020;
				ORGANIZATIONNAME = "Kevin Abram";
				TargetAttributes = {
					43322B4C231C1FBF00D0CCB2 = {
						CreatedOnToolsVersion = 10.2;
					};
				};
			};
			buildConfigurationList = 43322B48231C1FBF00D0CCB2 /* Build configuration list for PBXProject "MC3-LeatherApp" */;
			compatibilityVersion = "Xcode 9.3";
			developmentRegion = en;
			hasScannedForEncodings = 0;
			knownRegions = (
				en,
				Base,
			);
			mainGroup = 43322B44231C1FBF00D0CCB2;
			productRefGroup = 43322B4E231C1FBF00D0CCB2 /* Products */;
			projectDirPath = "";
			projectRoot = "";
			targets = (
				43322B4C231C1FBF00D0CCB2 /* MC3-LeatherApp */,
			);
		};
/* End PBXProject section */

/* Begin PBXResourcesBuildPhase section */
		43322B4B231C1FBF00D0CCB2 /* Resources */ = {
			isa = PBXResourcesBuildPhase;
			buildActionMask = 2147483647;
			files = (
				43322B70231C2EF200D0CCB2 /* SectionCamera.storyboard in Resources */,
				43322B6E231C2EA200D0CCB2 /* SectionEdit.storyboard in Resources */,
				43322B5B231C1FC000D0CCB2 /* LaunchScreen.storyboard in Resources */,
				B19554AB231CDE1900252996 /* Slide.xib in Resources */,
				43322B58231C1FC000D0CCB2 /* Assets.xcassets in Resources */,
				43322B56231C1FBF00D0CCB2 /* Camera.storyboard in Resources */,
				B19554A8231CDE1900252996 /* OnBoarding.storyboard in Resources */,
			);
			runOnlyForDeploymentPostprocessing = 0;
		};
/* End PBXResourcesBuildPhase section */

/* Begin PBXSourcesBuildPhase section */
		43322B49231C1FBF00D0CCB2 /* Sources */ = {
			isa = PBXSourcesBuildPhase;
			buildActionMask = 2147483647;
			files = (
				86802C8C231E4954003BA379 /* LeatherDefectsCategorizedObjectDetection.mlmodel in Sources */,
				B19554A9231CDE1900252996 /* GetStarted.swift in Sources */,
				43322B53231C1FBF00D0CCB2 /* ViewController.swift in Sources */,
				4351AA00231CE39E00E2294F /* Measure.swift in Sources */,
				B19554B8231CFAB400252996 /* PreviewViewController.swift in Sources */,
				43322B63231C1FD400D0CCB2 /* Model.swift in Sources */,
				4351AA01231CE39E00E2294F /* VideoCapture.swift in Sources */,
				86802C90231E4AA5003BA379 /* YOLOv3Tiny.mlmodel in Sources */,
				43322B51231C1FBF00D0CCB2 /* AppDelegate.swift in Sources */,
				B19554AE231CE4B600252996 /* SectionEditViewController.swift in Sources */,
				B19554AA231CDE1900252996 /* Slide.swift in Sources */,
				4351AA02231CE39E00E2294F /* UIImage+CVPixelBuffer.swift in Sources */,
				4351AA05231CE5BD00E2294F /* SectionCamera.swift in Sources */,
				B19554A7231CDE1900252996 /* OnboardingController.swift in Sources */,
				B19554B6231CEEB400252996 /* CameraViewController.swift in Sources */,
				4351A9FB231CD6A300E2294F /* SectionButton.swift in Sources */,
				4351AA03231CE39E00E2294F /* DrawingBoundingBoxView.swift in Sources */,
			);
			runOnlyForDeploymentPostprocessing = 0;
		};
/* End PBXSourcesBuildPhase section */

/* Begin PBXVariantGroup section */
		43322B54231C1FBF00D0CCB2 /* Camera.storyboard */ = {
			isa = PBXVariantGroup;
			children = (
				43322B55231C1FBF00D0CCB2 /* Base */,
			);
			name = Camera.storyboard;
			sourceTree = "<group>";
		};
		43322B59231C1FC000D0CCB2 /* LaunchScreen.storyboard */ = {
			isa = PBXVariantGroup;
			children = (
				43322B5A231C1FC000D0CCB2 /* Base */,
			);
			name = LaunchScreen.storyboard;
			sourceTree = "<group>";
		};
/* End PBXVariantGroup section */

/* Begin XCBuildConfiguration section */
		43322B5D231C1FC000D0CCB2 /* Debug */ = {
			isa = XCBuildConfiguration;
			buildSettings = {
				ALWAYS_SEARCH_USER_PATHS = NO;
				CLANG_ANALYZER_NONNULL = YES;
				CLANG_ANALYZER_NUMBER_OBJECT_CONVERSION = YES_AGGRESSIVE;
				CLANG_CXX_LANGUAGE_STANDARD = "gnu++14";
				CLANG_CXX_LIBRARY = "libc++";
				CLANG_ENABLE_MODULES = YES;
				CLANG_ENABLE_OBJC_ARC = YES;
				CLANG_ENABLE_OBJC_WEAK = YES;
				CLANG_WARN_BLOCK_CAPTURE_AUTORELEASING = YES;
				CLANG_WARN_BOOL_CONVERSION = YES;
				CLANG_WARN_COMMA = YES;
				CLANG_WARN_CONSTANT_CONVERSION = YES;
				CLANG_WARN_DEPRECATED_OBJC_IMPLEMENTATIONS = YES;
				CLANG_WARN_DIRECT_OBJC_ISA_USAGE = YES_ERROR;
				CLANG_WARN_DOCUMENTATION_COMMENTS = YES;
				CLANG_WARN_EMPTY_BODY = YES;
				CLANG_WARN_ENUM_CONVERSION = YES;
				CLANG_WARN_INFINITE_RECURSION = YES;
				CLANG_WARN_INT_CONVERSION = YES;
				CLANG_WARN_NON_LITERAL_NULL_CONVERSION = YES;
				CLANG_WARN_OBJC_IMPLICIT_RETAIN_SELF = YES;
				CLANG_WARN_OBJC_LITERAL_CONVERSION = YES;
				CLANG_WARN_OBJC_ROOT_CLASS = YES_ERROR;
				CLANG_WARN_RANGE_LOOP_ANALYSIS = YES;
				CLANG_WARN_STRICT_PROTOTYPES = YES;
				CLANG_WARN_SUSPICIOUS_MOVE = YES;
				CLANG_WARN_UNGUARDED_AVAILABILITY = YES_AGGRESSIVE;
				CLANG_WARN_UNREACHABLE_CODE = YES;
				CLANG_WARN__DUPLICATE_METHOD_MATCH = YES;
				CODE_SIGN_IDENTITY = "iPhone Developer";
				COPY_PHASE_STRIP = NO;
				DEBUG_INFORMATION_FORMAT = dwarf;
				ENABLE_STRICT_OBJC_MSGSEND = YES;
				ENABLE_TESTABILITY = YES;
				GCC_C_LANGUAGE_STANDARD = gnu11;
				GCC_DYNAMIC_NO_PIC = NO;
				GCC_NO_COMMON_BLOCKS = YES;
				GCC_OPTIMIZATION_LEVEL = 0;
				GCC_PREPROCESSOR_DEFINITIONS = (
					"DEBUG=1",
					"$(inherited)",
				);
				GCC_WARN_64_TO_32_BIT_CONVERSION = YES;
				GCC_WARN_ABOUT_RETURN_TYPE = YES_ERROR;
				GCC_WARN_UNDECLARED_SELECTOR = YES;
				GCC_WARN_UNINITIALIZED_AUTOS = YES_AGGRESSIVE;
				GCC_WARN_UNUSED_FUNCTION = YES;
				GCC_WARN_UNUSED_VARIABLE = YES;
				IPHONEOS_DEPLOYMENT_TARGET = 12.2;
				MTL_ENABLE_DEBUG_INFO = INCLUDE_SOURCE;
				MTL_FAST_MATH = YES;
				ONLY_ACTIVE_ARCH = YES;
				SDKROOT = iphoneos;
				SWIFT_ACTIVE_COMPILATION_CONDITIONS = DEBUG;
				SWIFT_OPTIMIZATION_LEVEL = "-Onone";
			};
			name = Debug;
		};
		43322B5E231C1FC000D0CCB2 /* Release */ = {
			isa = XCBuildConfiguration;
			buildSettings = {
				ALWAYS_SEARCH_USER_PATHS = NO;
				CLANG_ANALYZER_NONNULL = YES;
				CLANG_ANALYZER_NUMBER_OBJECT_CONVERSION = YES_AGGRESSIVE;
				CLANG_CXX_LANGUAGE_STANDARD = "gnu++14";
				CLANG_CXX_LIBRARY = "libc++";
				CLANG_ENABLE_MODULES = YES;
				CLANG_ENABLE_OBJC_ARC = YES;
				CLANG_ENABLE_OBJC_WEAK = YES;
				CLANG_WARN_BLOCK_CAPTURE_AUTORELEASING = YES;
				CLANG_WARN_BOOL_CONVERSION = YES;
				CLANG_WARN_COMMA = YES;
				CLANG_WARN_CONSTANT_CONVERSION = YES;
				CLANG_WARN_DEPRECATED_OBJC_IMPLEMENTATIONS = YES;
				CLANG_WARN_DIRECT_OBJC_ISA_USAGE = YES_ERROR;
				CLANG_WARN_DOCUMENTATION_COMMENTS = YES;
				CLANG_WARN_EMPTY_BODY = YES;
				CLANG_WARN_ENUM_CONVERSION = YES;
				CLANG_WARN_INFINITE_RECURSION = YES;
				CLANG_WARN_INT_CONVERSION = YES;
				CLANG_WARN_NON_LITERAL_NULL_CONVERSION = YES;
				CLANG_WARN_OBJC_IMPLICIT_RETAIN_SELF = YES;
				CLANG_WARN_OBJC_LITERAL_CONVERSION = YES;
				CLANG_WARN_OBJC_ROOT_CLASS = YES_ERROR;
				CLANG_WARN_RANGE_LOOP_ANALYSIS = YES;
				CLANG_WARN_STRICT_PROTOTYPES = YES;
				CLANG_WARN_SUSPICIOUS_MOVE = YES;
				CLANG_WARN_UNGUARDED_AVAILABILITY = YES_AGGRESSIVE;
				CLANG_WARN_UNREACHABLE_CODE = YES;
				CLANG_WARN__DUPLICATE_METHOD_MATCH = YES;
				CODE_SIGN_IDENTITY = "iPhone Developer";
				COPY_PHASE_STRIP = NO;
				DEBUG_INFORMATION_FORMAT = "dwarf-with-dsym";
				ENABLE_NS_ASSERTIONS = NO;
				ENABLE_STRICT_OBJC_MSGSEND = YES;
				GCC_C_LANGUAGE_STANDARD = gnu11;
				GCC_NO_COMMON_BLOCKS = YES;
				GCC_WARN_64_TO_32_BIT_CONVERSION = YES;
				GCC_WARN_ABOUT_RETURN_TYPE = YES_ERROR;
				GCC_WARN_UNDECLARED_SELECTOR = YES;
				GCC_WARN_UNINITIALIZED_AUTOS = YES_AGGRESSIVE;
				GCC_WARN_UNUSED_FUNCTION = YES;
				GCC_WARN_UNUSED_VARIABLE = YES;
				IPHONEOS_DEPLOYMENT_TARGET = 12.2;
				MTL_ENABLE_DEBUG_INFO = NO;
				MTL_FAST_MATH = YES;
				SDKROOT = iphoneos;
				SWIFT_COMPILATION_MODE = wholemodule;
				SWIFT_OPTIMIZATION_LEVEL = "-O";
				VALIDATE_PRODUCT = YES;
			};
			name = Release;
		};
		43322B60231C1FC000D0CCB2 /* Debug */ = {
			isa = XCBuildConfiguration;
			buildSettings = {
				ASSETCATALOG_COMPILER_APPICON_NAME = AppIcon;
				CODE_SIGN_STYLE = Automatic;
				DEVELOPMENT_TEAM = 5H2267G252;
				INFOPLIST_FILE = "MC3-LeatherApp/Info.plist";
				LD_RUNPATH_SEARCH_PATHS = (
					"$(inherited)",
					"@executable_path/Frameworks",
				);
				PRODUCT_BUNDLE_IDENTIFIER = "Code111.MC3-LeatherApp";
				PRODUCT_NAME = "$(TARGET_NAME)";
				SWIFT_VERSION = 5.0;
				TARGETED_DEVICE_FAMILY = "1,2";
			};
			name = Debug;
		};
		43322B61231C1FC000D0CCB2 /* Release */ = {
			isa = XCBuildConfiguration;
			buildSettings = {
				ASSETCATALOG_COMPILER_APPICON_NAME = AppIcon;
				CODE_SIGN_STYLE = Automatic;
				DEVELOPMENT_TEAM = 5H2267G252;
				INFOPLIST_FILE = "MC3-LeatherApp/Info.plist";
				LD_RUNPATH_SEARCH_PATHS = (
					"$(inherited)",
					"@executable_path/Frameworks",
				);
				PRODUCT_BUNDLE_IDENTIFIER = "Code111.MC3-LeatherApp";
				PRODUCT_NAME = "$(TARGET_NAME)";
				SWIFT_VERSION = 5.0;
				TARGETED_DEVICE_FAMILY = "1,2";
			};
			name = Release;
		};
/* End XCBuildConfiguration section */

/* Begin XCConfigurationList section */
		43322B48231C1FBF00D0CCB2 /* Build configuration list for PBXProject "MC3-LeatherApp" */ = {
			isa = XCConfigurationList;
			buildConfigurations = (
				43322B5D231C1FC000D0CCB2 /* Debug */,
				43322B5E231C1FC000D0CCB2 /* Release */,
			);
			defaultConfigurationIsVisible = 0;
			defaultConfigurationName = Release;
		};
		43322B5F231C1FC000D0CCB2 /* Build configuration list for PBXNativeTarget "MC3-LeatherApp" */ = {
			isa = XCConfigurationList;
			buildConfigurations = (
				43322B60231C1FC000D0CCB2 /* Debug */,
				43322B61231C1FC000D0CCB2 /* Release */,
			);
			defaultConfigurationIsVisible = 0;
			defaultConfigurationName = Release;
		};
/* End XCConfigurationList section */
	};
	rootObject = 43322B45231C1FBF00D0CCB2 /* Project object */;
}
